
Microsoft Visual Studio Solution File, Format Version 12.00
# Visual Studio Version 17
VisualStudioVersion = 17.3.32929.385
MinimumVisualStudioVersion = 10.0.40219.1
Project("{FAE04EC0-301F-11D3-BF4B-00C04F79EFBC}") = "BookStore", "BookStore\BookStore.csproj", "{CA5380D9-190C-4AD7-B090-50A0317C3C4F}"
EndProject
Global
	GlobalSection(SolutionConfigurationPlatforms) = preSolution
		Debug|Any CPU = Debug|Any CPU
		Release|Any CPU = Release|Any CPU
	EndGlobalSection
	GlobalSection(ProjectConfigurationPlatforms) = postSolution
		{CA5380D9-190C-4AD7-B090-50A0317C3C4F}.Debug|Any CPU.ActiveCfg = Debug|Any CPU
		{CA5380D9-190C-4AD7-B090-50A0317C3C4F}.Debug|Any CPU.Build.0 = Debug|Any CPU
		{CA5380D9-190C-4AD7-B090-50A0317C3C4F}.Release|Any CPU.ActiveCfg = Release|Any CPU
		{CA5380D9-190C-4AD7-B090-50A0317C3C4F}.Release|Any CPU.Build.0 = Release|Any CPU
	EndGlobalSection
	GlobalSection(SolutionProperties) = preSolution
		HideSolutionNode = FALSE
	EndGlobalSection
	GlobalSection(ExtensibilityGlobals) = postSolution
		SolutionGuid = {C33A294B-F235-43BB-8296-0CEB6F2387F7}
	EndGlobalSection
EndGlobal
